// !$*UTF8*$!
{
	archiveVersion = 1;
	classes = {
	};
	objectVersion = 56;
	objects = {

/* Begin PBXBuildFile section */
		5DE6CB4F29C5AADB0089FD76 /* AppDelegate.swift in Sources */ = {isa = PBXBuildFile; fileRef = 5DE6CB4E29C5AADB0089FD76 /* AppDelegate.swift */; };
		5DE6CB5129C5AADB0089FD76 /* SceneDelegate.swift in Sources */ = {isa = PBXBuildFile; fileRef = 5DE6CB5029C5AADB0089FD76 /* SceneDelegate.swift */; };
		5DE6CB5329C5AADB0089FD76 /* ViewController.swift in Sources */ = {isa = PBXBuildFile; fileRef = 5DE6CB5229C5AADB0089FD76 /* ViewController.swift */; };
		5DE6CB5929C5AADC0089FD76 /* RickAndMortyApp.xcdatamodeld in Sources */ = {isa = PBXBuildFile; fileRef = 5DE6CB5729C5AADC0089FD76 /* RickAndMortyApp.xcdatamodeld */; };
		5DE6CB5B29C5AADE0089FD76 /* Assets.xcassets in Resources */ = {isa = PBXBuildFile; fileRef = 5DE6CB5A29C5AADE0089FD76 /* Assets.xcassets */; };
		5DE6CB5E29C5AADE0089FD76 /* LaunchScreen.storyboard in Resources */ = {isa = PBXBuildFile; fileRef = 5DE6CB5C29C5AADE0089FD76 /* LaunchScreen.storyboard */; };
		5DE6CB6929C5AADE0089FD76 /* RickAndMortyAppTests.swift in Sources */ = {isa = PBXBuildFile; fileRef = 5DE6CB6829C5AADE0089FD76 /* RickAndMortyAppTests.swift */; };
		5DE6CB7329C5AADE0089FD76 /* RickAndMortyAppUITests.swift in Sources */ = {isa = PBXBuildFile; fileRef = 5DE6CB7229C5AADE0089FD76 /* RickAndMortyAppUITests.swift */; };
		5DE6CB7529C5AADE0089FD76 /* RickAndMortyAppUITestsLaunchTests.swift in Sources */ = {isa = PBXBuildFile; fileRef = 5DE6CB7429C5AADE0089FD76 /* RickAndMortyAppUITestsLaunchTests.swift */; };
		5DEA129129C5CFC500AF0C34 /* Colors.xcassets in Resources */ = {isa = PBXBuildFile; fileRef = 5DEA129029C5CFC500AF0C34 /* Colors.xcassets */; };
		5DEA129329C5CFEF00AF0C34 /* RMLocation.swift in Sources */ = {isa = PBXBuildFile; fileRef = 5DEA129229C5CFEF00AF0C34 /* RMLocation.swift */; };
		5DEA129529C5CFFB00AF0C34 /* RMCharacter.swift in Sources */ = {isa = PBXBuildFile; fileRef = 5DEA129429C5CFFB00AF0C34 /* RMCharacter.swift */; };
		5DEA129729C5D00600AF0C34 /* RMEpisode.swift in Sources */ = {isa = PBXBuildFile; fileRef = 5DEA129629C5D00600AF0C34 /* RMEpisode.swift */; };
		5DEA129929C5D04700AF0C34 /* RMTabBarController.swift in Sources */ = {isa = PBXBuildFile; fileRef = 5DEA129829C5D04700AF0C34 /* RMTabBarController.swift */; };
		5DEA129C29C5D0EA00AF0C34 /* RMCharacterViewController.swift in Sources */ = {isa = PBXBuildFile; fileRef = 5DEA129B29C5D0EA00AF0C34 /* RMCharacterViewController.swift */; };
		5DEA129E29C5D10800AF0C34 /* RMSettingsViewController.swift in Sources */ = {isa = PBXBuildFile; fileRef = 5DEA129D29C5D10800AF0C34 /* RMSettingsViewController.swift */; };
		5DEA12A029C5D11100AF0C34 /* RMLocationViewController.swift in Sources */ = {isa = PBXBuildFile; fileRef = 5DEA129F29C5D11100AF0C34 /* RMLocationViewController.swift */; };
		5DEA12A229C5D11900AF0C34 /* RMEpisodeViewController.swift in Sources */ = {isa = PBXBuildFile; fileRef = 5DEA12A129C5D11900AF0C34 /* RMEpisodeViewController.swift */; };
		5DEA12A529C5D1C100AF0C34 /* RMTabBarAssembly.swift in Sources */ = {isa = PBXBuildFile; fileRef = 5DEA12A429C5D1C100AF0C34 /* RMTabBarAssembly.swift */; };
		5DEA12A829C5D1D400AF0C34 /* Assembly.swift in Sources */ = {isa = PBXBuildFile; fileRef = 5DEA12A729C5D1D400AF0C34 /* Assembly.swift */; };
		5DEA12AA29C5D1EC00AF0C34 /* Bootstraper.swift in Sources */ = {isa = PBXBuildFile; fileRef = 5DEA12A929C5D1EC00AF0C34 /* Bootstraper.swift */; };
		5DEA12AC29C5D27B00AF0C34 /* RMViewController.swift in Sources */ = {isa = PBXBuildFile; fileRef = 5DEA12AB29C5D27B00AF0C34 /* RMViewController.swift */; };
		5DEA12AF29C5D4AC00AF0C34 /* UIViewController+Extension.swift in Sources */ = {isa = PBXBuildFile; fileRef = 5DEA12AE29C5D4AC00AF0C34 /* UIViewController+Extension.swift */; };
/* End PBXBuildFile section */

/* Begin PBXContainerItemProxy section */
		5DE6CB6529C5AADE0089FD76 /* PBXContainerItemProxy */ = {
			isa = PBXContainerItemProxy;
			containerPortal = 5DE6CB4329C5AADB0089FD76 /* Project object */;
			proxyType = 1;
			remoteGlobalIDString = 5DE6CB4A29C5AADB0089FD76;
			remoteInfo = RickAndMortyApp;
		};
		5DE6CB6F29C5AADE0089FD76 /* PBXContainerItemProxy */ = {
			isa = PBXContainerItemProxy;
			containerPortal = 5DE6CB4329C5AADB0089FD76 /* Project object */;
			proxyType = 1;
			remoteGlobalIDString = 5DE6CB4A29C5AADB0089FD76;
			remoteInfo = RickAndMortyApp;
		};
/* End PBXContainerItemProxy section */

/* Begin PBXFileReference section */
		5DE6CB4B29C5AADB0089FD76 /* RickAndMortyApp.app */ = {isa = PBXFileReference; explicitFileType = wrapper.application; includeInIndex = 0; path = RickAndMortyApp.app; sourceTree = BUILT_PRODUCTS_DIR; };
		5DE6CB4E29C5AADB0089FD76 /* AppDelegate.swift */ = {isa = PBXFileReference; lastKnownFileType = sourcecode.swift; path = AppDelegate.swift; sourceTree = "<group>"; };
		5DE6CB5029C5AADB0089FD76 /* SceneDelegate.swift */ = {isa = PBXFileReference; lastKnownFileType = sourcecode.swift; path = SceneDelegate.swift; sourceTree = "<group>"; };
		5DE6CB5229C5AADB0089FD76 /* ViewController.swift */ = {isa = PBXFileReference; lastKnownFileType = sourcecode.swift; path = ViewController.swift; sourceTree = "<group>"; };
		5DE6CB5829C5AADC0089FD76 /* RickAndMortyApp.xcdatamodel */ = {isa = PBXFileReference; lastKnownFileType = wrapper.xcdatamodel; path = RickAndMortyApp.xcdatamodel; sourceTree = "<group>"; };
		5DE6CB5A29C5AADE0089FD76 /* Assets.xcassets */ = {isa = PBXFileReference; lastKnownFileType = folder.assetcatalog; path = Assets.xcassets; sourceTree = "<group>"; };
		5DE6CB5D29C5AADE0089FD76 /* Base */ = {isa = PBXFileReference; lastKnownFileType = file.storyboard; name = Base; path = Base.lproj/LaunchScreen.storyboard; sourceTree = "<group>"; };
		5DE6CB5F29C5AADE0089FD76 /* Info.plist */ = {isa = PBXFileReference; lastKnownFileType = text.plist.xml; path = Info.plist; sourceTree = "<group>"; };
		5DE6CB6429C5AADE0089FD76 /* RickAndMortyAppTests.xctest */ = {isa = PBXFileReference; explicitFileType = wrapper.cfbundle; includeInIndex = 0; path = RickAndMortyAppTests.xctest; sourceTree = BUILT_PRODUCTS_DIR; };
		5DE6CB6829C5AADE0089FD76 /* RickAndMortyAppTests.swift */ = {isa = PBXFileReference; lastKnownFileType = sourcecode.swift; path = RickAndMortyAppTests.swift; sourceTree = "<group>"; };
		5DE6CB6E29C5AADE0089FD76 /* RickAndMortyAppUITests.xctest */ = {isa = PBXFileReference; explicitFileType = wrapper.cfbundle; includeInIndex = 0; path = RickAndMortyAppUITests.xctest; sourceTree = BUILT_PRODUCTS_DIR; };
		5DE6CB7229C5AADE0089FD76 /* RickAndMortyAppUITests.swift */ = {isa = PBXFileReference; lastKnownFileType = sourcecode.swift; path = RickAndMortyAppUITests.swift; sourceTree = "<group>"; };
		5DE6CB7429C5AADE0089FD76 /* RickAndMortyAppUITestsLaunchTests.swift */ = {isa = PBXFileReference; lastKnownFileType = sourcecode.swift; path = RickAndMortyAppUITestsLaunchTests.swift; sourceTree = "<group>"; };
		5DEA129029C5CFC500AF0C34 /* Colors.xcassets */ = {isa = PBXFileReference; lastKnownFileType = folder.assetcatalog; path = Colors.xcassets; sourceTree = "<group>"; };
		5DEA129229C5CFEF00AF0C34 /* RMLocation.swift */ = {isa = PBXFileReference; lastKnownFileType = sourcecode.swift; path = RMLocation.swift; sourceTree = "<group>"; };
		5DEA129429C5CFFB00AF0C34 /* RMCharacter.swift */ = {isa = PBXFileReference; lastKnownFileType = sourcecode.swift; path = RMCharacter.swift; sourceTree = "<group>"; };
		5DEA129629C5D00600AF0C34 /* RMEpisode.swift */ = {isa = PBXFileReference; lastKnownFileType = sourcecode.swift; path = RMEpisode.swift; sourceTree = "<group>"; };
		5DEA129829C5D04700AF0C34 /* RMTabBarController.swift */ = {isa = PBXFileReference; lastKnownFileType = sourcecode.swift; path = RMTabBarController.swift; sourceTree = "<group>"; };
		5DEA129B29C5D0EA00AF0C34 /* RMCharacterViewController.swift */ = {isa = PBXFileReference; lastKnownFileType = sourcecode.swift; path = RMCharacterViewController.swift; sourceTree = "<group>"; };
		5DEA129D29C5D10800AF0C34 /* RMSettingsViewController.swift */ = {isa = PBXFileReference; lastKnownFileType = sourcecode.swift; path = RMSettingsViewController.swift; sourceTree = "<group>"; };
		5DEA129F29C5D11100AF0C34 /* RMLocationViewController.swift */ = {isa = PBXFileReference; lastKnownFileType = sourcecode.swift; path = RMLocationViewController.swift; sourceTree = "<group>"; };
		5DEA12A129C5D11900AF0C34 /* RMEpisodeViewController.swift */ = {isa = PBXFileReference; lastKnownFileType = sourcecode.swift; path = RMEpisodeViewController.swift; sourceTree = "<group>"; };
		5DEA12A429C5D1C100AF0C34 /* RMTabBarAssembly.swift */ = {isa = PBXFileReference; lastKnownFileType = sourcecode.swift; path = RMTabBarAssembly.swift; sourceTree = "<group>"; };
		5DEA12A729C5D1D400AF0C34 /* Assembly.swift */ = {isa = PBXFileReference; lastKnownFileType = sourcecode.swift; path = Assembly.swift; sourceTree = "<group>"; };
		5DEA12A929C5D1EC00AF0C34 /* Bootstraper.swift */ = {isa = PBXFileReference; lastKnownFileType = sourcecode.swift; path = Bootstraper.swift; sourceTree = "<group>"; };
		5DEA12AB29C5D27B00AF0C34 /* RMViewController.swift */ = {isa = PBXFileReference; lastKnownFileType = sourcecode.swift; path = RMViewController.swift; sourceTree = "<group>"; };
		5DEA12AE29C5D4AC00AF0C34 /* UIViewController+Extension.swift */ = {isa = PBXFileReference; lastKnownFileType = sourcecode.swift; path = "UIViewController+Extension.swift"; sourceTree = "<group>"; };
/* End PBXFileReference section */

/* Begin PBXFrameworksBuildPhase section */
		5DE6CB4829C5AADB0089FD76 /* Frameworks */ = {
			isa = PBXFrameworksBuildPhase;
			buildActionMask = 2147483647;
			files = (
			);
			runOnlyForDeploymentPostprocessing = 0;
		};
		5DE6CB6129C5AADE0089FD76 /* Frameworks */ = {
			isa = PBXFrameworksBuildPhase;
			buildActionMask = 2147483647;
			files = (
			);
			runOnlyForDeploymentPostprocessing = 0;
		};
		5DE6CB6B29C5AADE0089FD76 /* Frameworks */ = {
			isa = PBXFrameworksBuildPhase;
			buildActionMask = 2147483647;
			files = (
			);
			runOnlyForDeploymentPostprocessing = 0;
		};
/* End PBXFrameworksBuildPhase section */

/* Begin PBXGroup section */
		5DE6CB4229C5AADB0089FD76 = {
			isa = PBXGroup;
			children = (
				5DE6CB4D29C5AADB0089FD76 /* RickAndMortyApp */,
				5DE6CB6729C5AADE0089FD76 /* RickAndMortyAppTests */,
				5DE6CB7129C5AADE0089FD76 /* RickAndMortyAppUITests */,
				5DE6CB4C29C5AADB0089FD76 /* Products */,
			);
			sourceTree = "<group>";
		};
		5DE6CB4C29C5AADB0089FD76 /* Products */ = {
			isa = PBXGroup;
			children = (
				5DE6CB4B29C5AADB0089FD76 /* RickAndMortyApp.app */,
				5DE6CB6429C5AADE0089FD76 /* RickAndMortyAppTests.xctest */,
				5DE6CB6E29C5AADE0089FD76 /* RickAndMortyAppUITests.xctest */,
			);
			name = Products;
			sourceTree = "<group>";
		};
		5DE6CB4D29C5AADB0089FD76 /* RickAndMortyApp */ = {
			isa = PBXGroup;
			children = (
				5DEA128429C5CEF800AF0C34 /* Domain */,
				5DEA128329C5CEF100AF0C34 /* Data */,
				5DEA128229C5CEEA00AF0C34 /* Network */,
				5DEA128129C5CEDB00AF0C34 /* Presentation */,
				5DEA128D29C5CF4F00AF0C34 /* App */,
				5DEA128C29C5CF3400AF0C34 /* Resources */,
				5DE6CB5729C5AADC0089FD76 /* RickAndMortyApp.xcdatamodeld */,
			);
			path = RickAndMortyApp;
			sourceTree = "<group>";
		};
		5DE6CB6729C5AADE0089FD76 /* RickAndMortyAppTests */ = {
			isa = PBXGroup;
			children = (
				5DE6CB6829C5AADE0089FD76 /* RickAndMortyAppTests.swift */,
			);
			path = RickAndMortyAppTests;
			sourceTree = "<group>";
		};
		5DE6CB7129C5AADE0089FD76 /* RickAndMortyAppUITests */ = {
			isa = PBXGroup;
			children = (
				5DE6CB7229C5AADE0089FD76 /* RickAndMortyAppUITests.swift */,
				5DE6CB7429C5AADE0089FD76 /* RickAndMortyAppUITestsLaunchTests.swift */,
			);
			path = RickAndMortyAppUITests;
			sourceTree = "<group>";
		};
		5DEA128129C5CEDB00AF0C34 /* Presentation */ = {
			isa = PBXGroup;
			children = (
				5DEA12AD29C5D49D00AF0C34 /* Extensions */,
				5DEA12A629C5D1C600AF0C34 /* Core */,
				5DEA128729C5CF1400AF0C34 /* ViewModels */,
				5DEA128629C5CF0A00AF0C34 /* Views */,
				5DEA128529C5CF0400AF0C34 /* Scenes */,
			);
			path = Presentation;
			sourceTree = "<group>";
		};
		5DEA128229C5CEEA00AF0C34 /* Network */ = {
			isa = PBXGroup;
			children = (
				5DEA128B29C5CF2B00AF0C34 /* API */,
			);
			path = Network;
			sourceTree = "<group>";
		};
		5DEA128329C5CEF100AF0C34 /* Data */ = {
			isa = PBXGroup;
			children = (
				5DEA128829C5CF1900AF0C34 /* Models */,
			);
			path = Data;
			sourceTree = "<group>";
		};
		5DEA128429C5CEF800AF0C34 /* Domain */ = {
			isa = PBXGroup;
			children = (
				5DEA128A29C5CF2600AF0C34 /* Tools */,
				5DEA128929C5CF2100AF0C34 /* Extensions */,
			);
			path = Domain;
			sourceTree = "<group>";
		};
		5DEA128529C5CF0400AF0C34 /* Scenes */ = {
			isa = PBXGroup;
			children = (
				5DE6CB5229C5AADB0089FD76 /* ViewController.swift */,
				5DEA129A29C5D07600AF0C34 /* Core */,
			);
			path = Scenes;
			sourceTree = "<group>";
		};
		5DEA128629C5CF0A00AF0C34 /* Views */ = {
			isa = PBXGroup;
			children = (
			);
			path = Views;
			sourceTree = "<group>";
		};
		5DEA128729C5CF1400AF0C34 /* ViewModels */ = {
			isa = PBXGroup;
			children = (
			);
			path = ViewModels;
			sourceTree = "<group>";
		};
		5DEA128829C5CF1900AF0C34 /* Models */ = {
			isa = PBXGroup;
			children = (
				5DEA129229C5CFEF00AF0C34 /* RMLocation.swift */,
				5DEA129429C5CFFB00AF0C34 /* RMCharacter.swift */,
				5DEA129629C5D00600AF0C34 /* RMEpisode.swift */,
			);
			path = Models;
			sourceTree = "<group>";
		};
		5DEA128929C5CF2100AF0C34 /* Extensions */ = {
			isa = PBXGroup;
			children = (
			);
			path = Extensions;
			sourceTree = "<group>";
		};
		5DEA128A29C5CF2600AF0C34 /* Tools */ = {
			isa = PBXGroup;
			children = (
			);
			path = Tools;
			sourceTree = "<group>";
		};
		5DEA128B29C5CF2B00AF0C34 /* API */ = {
			isa = PBXGroup;
			children = (
			);
			path = API;
			sourceTree = "<group>";
		};
		5DEA128C29C5CF3400AF0C34 /* Resources */ = {
			isa = PBXGroup;
			children = (
				5DEA128E29C5CFA300AF0C34 /* Launch */,
				5DEA128F29C5CFAB00AF0C34 /* Media */,
				5DE6CB5F29C5AADE0089FD76 /* Info.plist */,
			);
			path = Resources;
			sourceTree = "<group>";
		};
		5DEA128D29C5CF4F00AF0C34 /* App */ = {
			isa = PBXGroup;
			children = (
				5DE6CB4E29C5AADB0089FD76 /* AppDelegate.swift */,
				5DE6CB5029C5AADB0089FD76 /* SceneDelegate.swift */,
			);
			path = App;
			sourceTree = "<group>";
		};
		5DEA128E29C5CFA300AF0C34 /* Launch */ = {
			isa = PBXGroup;
			children = (
				5DE6CB5C29C5AADE0089FD76 /* LaunchScreen.storyboard */,
			);
			path = Launch;
			sourceTree = "<group>";
		};
		5DEA128F29C5CFAB00AF0C34 /* Media */ = {
			isa = PBXGroup;
			children = (
				5DE6CB5A29C5AADE0089FD76 /* Assets.xcassets */,
				5DEA129029C5CFC500AF0C34 /* Colors.xcassets */,
			);
			path = Media;
			sourceTree = "<group>";
		};
		5DEA129A29C5D07600AF0C34 /* Core */ = {
			isa = PBXGroup;
			children = (
				5DEA12A329C5D1A800AF0C34 /* TabBar */,
				5DEA129B29C5D0EA00AF0C34 /* RMCharacterViewController.swift */,
				5DEA129D29C5D10800AF0C34 /* RMSettingsViewController.swift */,
				5DEA129F29C5D11100AF0C34 /* RMLocationViewController.swift */,
				5DEA12A129C5D11900AF0C34 /* RMEpisodeViewController.swift */,
			);
			path = Core;
			sourceTree = "<group>";
		};
		5DEA12A329C5D1A800AF0C34 /* TabBar */ = {
			isa = PBXGroup;
			children = (
				5DEA129829C5D04700AF0C34 /* RMTabBarController.swift */,
				5DEA12A429C5D1C100AF0C34 /* RMTabBarAssembly.swift */,
			);
			path = TabBar;
			sourceTree = "<group>";
		};
		5DEA12A629C5D1C600AF0C34 /* Core */ = {
			isa = PBXGroup;
			children = (
				5DEA12A729C5D1D400AF0C34 /* Assembly.swift */,
				5DEA12A929C5D1EC00AF0C34 /* Bootstraper.swift */,
				5DEA12AB29C5D27B00AF0C34 /* RMViewController.swift */,
			);
			path = Core;
			sourceTree = "<group>";
		};
		5DEA12AD29C5D49D00AF0C34 /* Extensions */ = {
			isa = PBXGroup;
			children = (
				5DEA12AE29C5D4AC00AF0C34 /* UIViewController+Extension.swift */,
			);
			path = Extensions;
			sourceTree = "<group>";
		};
/* End PBXGroup section */

/* Begin PBXNativeTarget section */
		5DE6CB4A29C5AADB0089FD76 /* RickAndMortyApp */ = {
			isa = PBXNativeTarget;
			buildConfigurationList = 5DE6CB7829C5AADE0089FD76 /* Build configuration list for PBXNativeTarget "RickAndMortyApp" */;
			buildPhases = (
				5DE6CB4729C5AADB0089FD76 /* Sources */,
				5DE6CB4829C5AADB0089FD76 /* Frameworks */,
				5DE6CB4929C5AADB0089FD76 /* Resources */,
			);
			buildRules = (
			);
			dependencies = (
			);
			name = RickAndMortyApp;
			productName = RickAndMortyApp;
			productReference = 5DE6CB4B29C5AADB0089FD76 /* RickAndMortyApp.app */;
			productType = "com.apple.product-type.application";
		};
		5DE6CB6329C5AADE0089FD76 /* RickAndMortyAppTests */ = {
			isa = PBXNativeTarget;
			buildConfigurationList = 5DE6CB7B29C5AADE0089FD76 /* Build configuration list for PBXNativeTarget "RickAndMortyAppTests" */;
			buildPhases = (
				5DE6CB6029C5AADE0089FD76 /* Sources */,
				5DE6CB6129C5AADE0089FD76 /* Frameworks */,
				5DE6CB6229C5AADE0089FD76 /* Resources */,
			);
			buildRules = (
			);
			dependencies = (
				5DE6CB6629C5AADE0089FD76 /* PBXTargetDependency */,
			);
			name = RickAndMortyAppTests;
			productName = RickAndMortyAppTests;
			productReference = 5DE6CB6429C5AADE0089FD76 /* RickAndMortyAppTests.xctest */;
			productType = "com.apple.product-type.bundle.unit-test";
		};
		5DE6CB6D29C5AADE0089FD76 /* RickAndMortyAppUITests */ = {
			isa = PBXNativeTarget;
			buildConfigurationList = 5DE6CB7E29C5AADE0089FD76 /* Build configuration list for PBXNativeTarget "RickAndMortyAppUITests" */;
			buildPhases = (
				5DE6CB6A29C5AADE0089FD76 /* Sources */,
				5DE6CB6B29C5AADE0089FD76 /* Frameworks */,
				5DE6CB6C29C5AADE0089FD76 /* Resources */,
			);
			buildRules = (
			);
			dependencies = (
				5DE6CB7029C5AADE0089FD76 /* PBXTargetDependency */,
			);
			name = RickAndMortyAppUITests;
			productName = RickAndMortyAppUITests;
			productReference = 5DE6CB6E29C5AADE0089FD76 /* RickAndMortyAppUITests.xctest */;
			productType = "com.apple.product-type.bundle.ui-testing";
		};
/* End PBXNativeTarget section */

/* Begin PBXProject section */
		5DE6CB4329C5AADB0089FD76 /* Project object */ = {
			isa = PBXProject;
			attributes = {
				BuildIndependentTargetsInParallel = 1;
				LastSwiftUpdateCheck = 1420;
				LastUpgradeCheck = 1420;
				TargetAttributes = {
					5DE6CB4A29C5AADB0089FD76 = {
						CreatedOnToolsVersion = 14.2;
					};
					5DE6CB6329C5AADE0089FD76 = {
						CreatedOnToolsVersion = 14.2;
						TestTargetID = 5DE6CB4A29C5AADB0089FD76;
					};
					5DE6CB6D29C5AADE0089FD76 = {
						CreatedOnToolsVersion = 14.2;
						TestTargetID = 5DE6CB4A29C5AADB0089FD76;
					};
				};
			};
			buildConfigurationList = 5DE6CB4629C5AADB0089FD76 /* Build configuration list for PBXProject "RickAndMortyApp" */;
			compatibilityVersion = "Xcode 14.0";
			developmentRegion = en;
			hasScannedForEncodings = 0;
			knownRegions = (
				en,
				Base,
			);
			mainGroup = 5DE6CB4229C5AADB0089FD76;
			productRefGroup = 5DE6CB4C29C5AADB0089FD76 /* Products */;
			projectDirPath = "";
			projectRoot = "";
			targets = (
				5DE6CB4A29C5AADB0089FD76 /* RickAndMortyApp */,
				5DE6CB6329C5AADE0089FD76 /* RickAndMortyAppTests */,
				5DE6CB6D29C5AADE0089FD76 /* RickAndMortyAppUITests */,
			);
		};
/* End PBXProject section */

/* Begin PBXResourcesBuildPhase section */
		5DE6CB4929C5AADB0089FD76 /* Resources */ = {
			isa = PBXResourcesBuildPhase;
			buildActionMask = 2147483647;
			files = (
				5DEA129129C5CFC500AF0C34 /* Colors.xcassets in Resources */,
				5DE6CB5E29C5AADE0089FD76 /* LaunchScreen.storyboard in Resources */,
				5DE6CB5B29C5AADE0089FD76 /* Assets.xcassets in Resources */,
			);
			runOnlyForDeploymentPostprocessing = 0;
		};
		5DE6CB6229C5AADE0089FD76 /* Resources */ = {
			isa = PBXResourcesBuildPhase;
			buildActionMask = 2147483647;
			files = (
			);
			runOnlyForDeploymentPostprocessing = 0;
		};
		5DE6CB6C29C5AADE0089FD76 /* Resources */ = {
			isa = PBXResourcesBuildPhase;
			buildActionMask = 2147483647;
			files = (
			);
			runOnlyForDeploymentPostprocessing = 0;
		};
/* End PBXResourcesBuildPhase section */

/* Begin PBXSourcesBuildPhase section */
		5DE6CB4729C5AADB0089FD76 /* Sources */ = {
			isa = PBXSourcesBuildPhase;
			buildActionMask = 2147483647;
			files = (
				5DEA129529C5CFFB00AF0C34 /* RMCharacter.swift in Sources */,
				5DEA129C29C5D0EA00AF0C34 /* RMCharacterViewController.swift in Sources */,
				5DE6CB5929C5AADC0089FD76 /* RickAndMortyApp.xcdatamodeld in Sources */,
				5DEA12A829C5D1D400AF0C34 /* Assembly.swift in Sources */,
				5DEA12AF29C5D4AC00AF0C34 /* UIViewController+Extension.swift in Sources */,
				5DEA12A229C5D11900AF0C34 /* RMEpisodeViewController.swift in Sources */,
				5DEA129929C5D04700AF0C34 /* RMTabBarController.swift in Sources */,
				5DEA129729C5D00600AF0C34 /* RMEpisode.swift in Sources */,
				5DE6CB5329C5AADB0089FD76 /* ViewController.swift in Sources */,
				5DEA129E29C5D10800AF0C34 /* RMSettingsViewController.swift in Sources */,
				5DEA129329C5CFEF00AF0C34 /* RMLocation.swift in Sources */,
				5DEA12A029C5D11100AF0C34 /* RMLocationViewController.swift in Sources */,
				5DEA12AA29C5D1EC00AF0C34 /* Bootstraper.swift in Sources */,
				5DE6CB4F29C5AADB0089FD76 /* AppDelegate.swift in Sources */,
				5DEA12A529C5D1C100AF0C34 /* RMTabBarAssembly.swift in Sources */,
				5DE6CB5129C5AADB0089FD76 /* SceneDelegate.swift in Sources */,
				5DEA12AC29C5D27B00AF0C34 /* RMViewController.swift in Sources */,
			);
			runOnlyForDeploymentPostprocessing = 0;
		};
		5DE6CB6029C5AADE0089FD76 /* Sources */ = {
			isa = PBXSourcesBuildPhase;
			buildActionMask = 2147483647;
			files = (
				5DE6CB6929C5AADE0089FD76 /* RickAndMortyAppTests.swift in Sources */,
			);
			runOnlyForDeploymentPostprocessing = 0;
		};
		5DE6CB6A29C5AADE0089FD76 /* Sources */ = {
			isa = PBXSourcesBuildPhase;
			buildActionMask = 2147483647;
			files = (
				5DE6CB7329C5AADE0089FD76 /* RickAndMortyAppUITests.swift in Sources */,
				5DE6CB7529C5AADE0089FD76 /* RickAndMortyAppUITestsLaunchTests.swift in Sources */,
			);
			runOnlyForDeploymentPostprocessing = 0;
		};
/* End PBXSourcesBuildPhase section */

/* Begin PBXTargetDependency section */
		5DE6CB6629C5AADE0089FD76 /* PBXTargetDependency */ = {
			isa = PBXTargetDependency;
			target = 5DE6CB4A29C5AADB0089FD76 /* RickAndMortyApp */;
			targetProxy = 5DE6CB6529C5AADE0089FD76 /* PBXContainerItemProxy */;
		};
		5DE6CB7029C5AADE0089FD76 /* PBXTargetDependency */ = {
			isa = PBXTargetDependency;
			target = 5DE6CB4A29C5AADB0089FD76 /* RickAndMortyApp */;
			targetProxy = 5DE6CB6F29C5AADE0089FD76 /* PBXContainerItemProxy */;
		};
/* End PBXTargetDependency section */

/* Begin PBXVariantGroup section */
		5DE6CB5C29C5AADE0089FD76 /* LaunchScreen.storyboard */ = {
			isa = PBXVariantGroup;
			children = (
				5DE6CB5D29C5AADE0089FD76 /* Base */,
			);
			name = LaunchScreen.storyboard;
			sourceTree = "<group>";
		};
/* End PBXVariantGroup section */

/* Begin XCBuildConfiguration section */
		5DE6CB7629C5AADE0089FD76 /* Debug */ = {
			isa = XCBuildConfiguration;
			buildSettings = {
				ALWAYS_SEARCH_USER_PATHS = NO;
				CLANG_ANALYZER_NONNULL = YES;
				CLANG_ANALYZER_NUMBER_OBJECT_CONVERSION = YES_AGGRESSIVE;
				CLANG_CXX_LANGUAGE_STANDARD = "gnu++20";
				CLANG_ENABLE_MODULES = YES;
				CLANG_ENABLE_OBJC_ARC = YES;
				CLANG_ENABLE_OBJC_WEAK = YES;
				CLANG_WARN_BLOCK_CAPTURE_AUTORELEASING = YES;
				CLANG_WARN_BOOL_CONVERSION = YES;
				CLANG_WARN_COMMA = YES;
				CLANG_WARN_CONSTANT_CONVERSION = YES;
				CLANG_WARN_DEPRECATED_OBJC_IMPLEMENTATIONS = YES;
				CLANG_WARN_DIRECT_OBJC_ISA_USAGE = YES_ERROR;
				CLANG_WARN_DOCUMENTATION_COMMENTS = YES;
				CLANG_WARN_EMPTY_BODY = YES;
				CLANG_WARN_ENUM_CONVERSION = YES;
				CLANG_WARN_INFINITE_RECURSION = YES;
				CLANG_WARN_INT_CONVERSION = YES;
				CLANG_WARN_NON_LITERAL_NULL_CONVERSION = YES;
				CLANG_WARN_OBJC_IMPLICIT_RETAIN_SELF = YES;
				CLANG_WARN_OBJC_LITERAL_CONVERSION = YES;
				CLANG_WARN_OBJC_ROOT_CLASS = YES_ERROR;
				CLANG_WARN_QUOTED_INCLUDE_IN_FRAMEWORK_HEADER = YES;
				CLANG_WARN_RANGE_LOOP_ANALYSIS = YES;
				CLANG_WARN_STRICT_PROTOTYPES = YES;
				CLANG_WARN_SUSPICIOUS_MOVE = YES;
				CLANG_WARN_UNGUARDED_AVAILABILITY = YES_AGGRESSIVE;
				CLANG_WARN_UNREACHABLE_CODE = YES;
				CLANG_WARN__DUPLICATE_METHOD_MATCH = YES;
				COPY_PHASE_STRIP = NO;
				DEBUG_INFORMATION_FORMAT = dwarf;
				ENABLE_STRICT_OBJC_MSGSEND = YES;
				ENABLE_TESTABILITY = YES;
				GCC_C_LANGUAGE_STANDARD = gnu11;
				GCC_DYNAMIC_NO_PIC = NO;
				GCC_NO_COMMON_BLOCKS = YES;
				GCC_OPTIMIZATION_LEVEL = 0;
				GCC_PREPROCESSOR_DEFINITIONS = (
					"DEBUG=1",
					"$(inherited)",
				);
				GCC_WARN_64_TO_32_BIT_CONVERSION = YES;
				GCC_WARN_ABOUT_RETURN_TYPE = YES_ERROR;
				GCC_WARN_UNDECLARED_SELECTOR = YES;
				GCC_WARN_UNINITIALIZED_AUTOS = YES_AGGRESSIVE;
				GCC_WARN_UNUSED_FUNCTION = YES;
				GCC_WARN_UNUSED_VARIABLE = YES;
				IPHONEOS_DEPLOYMENT_TARGET = 16.2;
				MTL_ENABLE_DEBUG_INFO = INCLUDE_SOURCE;
				MTL_FAST_MATH = YES;
				ONLY_ACTIVE_ARCH = YES;
				SDKROOT = iphoneos;
				SWIFT_ACTIVE_COMPILATION_CONDITIONS = DEBUG;
				SWIFT_OPTIMIZATION_LEVEL = "-Onone";
			};
			name = Debug;
		};
		5DE6CB7729C5AADE0089FD76 /* Release */ = {
			isa = XCBuildConfiguration;
			buildSettings = {
				ALWAYS_SEARCH_USER_PATHS = NO;
				CLANG_ANALYZER_NONNULL = YES;
				CLANG_ANALYZER_NUMBER_OBJECT_CONVERSION = YES_AGGRESSIVE;
				CLANG_CXX_LANGUAGE_STANDARD = "gnu++20";
				CLANG_ENABLE_MODULES = YES;
				CLANG_ENABLE_OBJC_ARC = YES;
				CLANG_ENABLE_OBJC_WEAK = YES;
				CLANG_WARN_BLOCK_CAPTURE_AUTORELEASING = YES;
				CLANG_WARN_BOOL_CONVERSION = YES;
				CLANG_WARN_COMMA = YES;
				CLANG_WARN_CONSTANT_CONVERSION = YES;
				CLANG_WARN_DEPRECATED_OBJC_IMPLEMENTATIONS = YES;
				CLANG_WARN_DIRECT_OBJC_ISA_USAGE = YES_ERROR;
				CLANG_WARN_DOCUMENTATION_COMMENTS = YES;
				CLANG_WARN_EMPTY_BODY = YES;
				CLANG_WARN_ENUM_CONVERSION = YES;
				CLANG_WARN_INFINITE_RECURSION = YES;
				CLANG_WARN_INT_CONVERSION = YES;
				CLANG_WARN_NON_LITERAL_NULL_CONVERSION = YES;
				CLANG_WARN_OBJC_IMPLICIT_RETAIN_SELF = YES;
				CLANG_WARN_OBJC_LITERAL_CONVERSION = YES;
				CLANG_WARN_OBJC_ROOT_CLASS = YES_ERROR;
				CLANG_WARN_QUOTED_INCLUDE_IN_FRAMEWORK_HEADER = YES;
				CLANG_WARN_RANGE_LOOP_ANALYSIS = YES;
				CLANG_WARN_STRICT_PROTOTYPES = YES;
				CLANG_WARN_SUSPICIOUS_MOVE = YES;
				CLANG_WARN_UNGUARDED_AVAILABILITY = YES_AGGRESSIVE;
				CLANG_WARN_UNREACHABLE_CODE = YES;
				CLANG_WARN__DUPLICATE_METHOD_MATCH = YES;
				COPY_PHASE_STRIP = NO;
				DEBUG_INFORMATION_FORMAT = "dwarf-with-dsym";
				ENABLE_NS_ASSERTIONS = NO;
				ENABLE_STRICT_OBJC_MSGSEND = YES;
				GCC_C_LANGUAGE_STANDARD = gnu11;
				GCC_NO_COMMON_BLOCKS = YES;
				GCC_WARN_64_TO_32_BIT_CONVERSION = YES;
				GCC_WARN_ABOUT_RETURN_TYPE = YES_ERROR;
				GCC_WARN_UNDECLARED_SELECTOR = YES;
				GCC_WARN_UNINITIALIZED_AUTOS = YES_AGGRESSIVE;
				GCC_WARN_UNUSED_FUNCTION = YES;
				GCC_WARN_UNUSED_VARIABLE = YES;
				IPHONEOS_DEPLOYMENT_TARGET = 16.2;
				MTL_ENABLE_DEBUG_INFO = NO;
				MTL_FAST_MATH = YES;
				SDKROOT = iphoneos;
				SWIFT_COMPILATION_MODE = wholemodule;
				SWIFT_OPTIMIZATION_LEVEL = "-O";
				VALIDATE_PRODUCT = YES;
			};
			name = Release;
		};
		5DE6CB7929C5AADE0089FD76 /* Debug */ = {
			isa = XCBuildConfiguration;
			buildSettings = {
				ASSETCATALOG_COMPILER_APPICON_NAME = AppIcon;
				ASSETCATALOG_COMPILER_GLOBAL_ACCENT_COLOR_NAME = AccentColor;
				CODE_SIGN_STYLE = Automatic;
				CURRENT_PROJECT_VERSION = 1;
				DEVELOPMENT_TEAM = 7FCTC6DRE7;
				GENERATE_INFOPLIST_FILE = YES;
				INFOPLIST_FILE = RickAndMortyApp/Resources/Info.plist;
				INFOPLIST_KEY_LSApplicationCategoryType = "public.app-category.entertainment";
				INFOPLIST_KEY_UIApplicationSupportsIndirectInputEvents = YES;
				INFOPLIST_KEY_UILaunchStoryboardName = LaunchScreen;
				INFOPLIST_KEY_UISupportedInterfaceOrientations_iPad = "UIInterfaceOrientationPortrait UIInterfaceOrientationPortraitUpsideDown UIInterfaceOrientationLandscapeLeft UIInterfaceOrientationLandscapeRight";
				INFOPLIST_KEY_UISupportedInterfaceOrientations_iPhone = "UIInterfaceOrientationPortrait UIInterfaceOrientationLandscapeLeft UIInterfaceOrientationLandscapeRight";
				IPHONEOS_DEPLOYMENT_TARGET = 13.0;
				LD_RUNPATH_SEARCH_PATHS = (
					"$(inherited)",
					"@executable_path/Frameworks",
				);
				MARKETING_VERSION = 1.0;
				PRODUCT_BUNDLE_IDENTIFIER = com.azizbekasadov.RickAndMortyApp;
				PRODUCT_NAME = "$(TARGET_NAME)";
				SWIFT_EMIT_LOC_STRINGS = YES;
				SWIFT_VERSION = 5.0;
				TARGETED_DEVICE_FAMILY = "1,2";
			};
			name = Debug;
		};
		5DE6CB7A29C5AADE0089FD76 /* Release */ = {
			isa = XCBuildConfiguration;
			buildSettings = {
				ASSETCATALOG_COMPILER_APPICON_NAME = AppIcon;
				ASSETCATALOG_COMPILER_GLOBAL_ACCENT_COLOR_NAME = AccentColor;
				CODE_SIGN_STYLE = Automatic;
				CURRENT_PROJECT_VERSION = 1;
				DEVELOPMENT_TEAM = 7FCTC6DRE7;
				GENERATE_INFOPLIST_FILE = YES;
				INFOPLIST_FILE = RickAndMortyApp/Resources/Info.plist;
				INFOPLIST_KEY_LSApplicationCategoryType = "public.app-category.entertainment";
				INFOPLIST_KEY_UIApplicationSupportsIndirectInputEvents = YES;
				INFOPLIST_KEY_UILaunchStoryboardName = LaunchScreen;
				INFOPLIST_KEY_UISupportedInterfaceOrientations_iPad = "UIInterfaceOrientationPortrait UIInterfaceOrientationPortraitUpsideDown UIInterfaceOrientationLandscapeLeft UIInterfaceOrientationLandscapeRight";
				INFOPLIST_KEY_UISupportedInterfaceOrientations_iPhone = "UIInterfaceOrientationPortrait UIInterfaceOrientationLandscapeLeft UIInterfaceOrientationLandscapeRight";
				IPHONEOS_DEPLOYMENT_TARGET = 13.0;
				LD_RUNPATH_SEARCH_PATHS = (
					"$(inherited)",
					"@executable_path/Frameworks",
				);
				MARKETING_VERSION = 1.0;
				PRODUCT_BUNDLE_IDENTIFIER = com.azizbekasadov.RickAndMortyApp;
				PRODUCT_NAME = "$(TARGET_NAME)";
				SWIFT_EMIT_LOC_STRINGS = YES;
				SWIFT_VERSION = 5.0;
				TARGETED_DEVICE_FAMILY = "1,2";
			};
			name = Release;
		};
		5DE6CB7C29C5AADE0089FD76 /* Debug */ = {
			isa = XCBuildConfiguration;
			buildSettings = {
				ALWAYS_EMBED_SWIFT_STANDARD_LIBRARIES = YES;
				BUNDLE_LOADER = "$(TEST_HOST)";
				CODE_SIGN_STYLE = Automatic;
				CURRENT_PROJECT_VERSION = 1;
				DEVELOPMENT_TEAM = 7FCTC6DRE7;
				GENERATE_INFOPLIST_FILE = YES;
				IPHONEOS_DEPLOYMENT_TARGET = 16.2;
				MARKETING_VERSION = 1.0;
				PRODUCT_BUNDLE_IDENTIFIER = com.azizbekasadov.RickAndMortyAppTests;
				PRODUCT_NAME = "$(TARGET_NAME)";
				SWIFT_EMIT_LOC_STRINGS = NO;
				SWIFT_VERSION = 5.0;
				TARGETED_DEVICE_FAMILY = "1,2";
				TEST_HOST = "$(BUILT_PRODUCTS_DIR)/RickAndMortyApp.app/$(BUNDLE_EXECUTABLE_FOLDER_PATH)/RickAndMortyApp";
			};
			name = Debug;
		};
		5DE6CB7D29C5AADE0089FD76 /* Release */ = {
			isa = XCBuildConfiguration;
			buildSettings = {
				ALWAYS_EMBED_SWIFT_STANDARD_LIBRARIES = YES;
				BUNDLE_LOADER = "$(TEST_HOST)";
				CODE_SIGN_STYLE = Automatic;
				CURRENT_PROJECT_VERSION = 1;
				DEVELOPMENT_TEAM = 7FCTC6DRE7;
				GENERATE_INFOPLIST_FILE = YES;
				IPHONEOS_DEPLOYMENT_TARGET = 16.2;
				MARKETING_VERSION = 1.0;
				PRODUCT_BUNDLE_IDENTIFIER = com.azizbekasadov.RickAndMortyAppTests;
				PRODUCT_NAME = "$(TARGET_NAME)";
				SWIFT_EMIT_LOC_STRINGS = NO;
				SWIFT_VERSION = 5.0;
				TARGETED_DEVICE_FAMILY = "1,2";
				TEST_HOST = "$(BUILT_PRODUCTS_DIR)/RickAndMortyApp.app/$(BUNDLE_EXECUTABLE_FOLDER_PATH)/RickAndMortyApp";
			};
			name = Release;
		};
		5DE6CB7F29C5AADE0089FD76 /* Debug */ = {
			isa = XCBuildConfiguration;
			buildSettings = {
				ALWAYS_EMBED_SWIFT_STANDARD_LIBRARIES = YES;
				CODE_SIGN_STYLE = Automatic;
				CURRENT_PROJECT_VERSION = 1;
				DEVELOPMENT_TEAM = 7FCTC6DRE7;
				GENERATE_INFOPLIST_FILE = YES;
				MARKETING_VERSION = 1.0;
				PRODUCT_BUNDLE_IDENTIFIER = com.azizbekasadov.RickAndMortyAppUITests;
				PRODUCT_NAME = "$(TARGET_NAME)";
				SWIFT_EMIT_LOC_STRINGS = NO;
				SWIFT_VERSION = 5.0;
				TARGETED_DEVICE_FAMILY = "1,2";
				TEST_TARGET_NAME = RickAndMortyApp;
			};
			name = Debug;
		};
		5DE6CB8029C5AADE0089FD76 /* Release */ = {
			isa = XCBuildConfiguration;
			buildSettings = {
				ALWAYS_EMBED_SWIFT_STANDARD_LIBRARIES = YES;
				CODE_SIGN_STYLE = Automatic;
				CURRENT_PROJECT_VERSION = 1;
				DEVELOPMENT_TEAM = 7FCTC6DRE7;
				GENERATE_INFOPLIST_FILE = YES;
				MARKETING_VERSION = 1.0;
				PRODUCT_BUNDLE_IDENTIFIER = com.azizbekasadov.RickAndMortyAppUITests;
				PRODUCT_NAME = "$(TARGET_NAME)";
				SWIFT_EMIT_LOC_STRINGS = NO;
				SWIFT_VERSION = 5.0;
				TARGETED_DEVICE_FAMILY = "1,2";
				TEST_TARGET_NAME = RickAndMortyApp;
			};
			name = Release;
		};
/* End XCBuildConfiguration section */

/* Begin XCConfigurationList section */
		5DE6CB4629C5AADB0089FD76 /* Build configuration list for PBXProject "RickAndMortyApp" */ = {
			isa = XCConfigurationList;
			buildConfigurations = (
				5DE6CB7629C5AADE0089FD76 /* Debug */,
				5DE6CB7729C5AADE0089FD76 /* Release */,
			);
			defaultConfigurationIsVisible = 0;
			defaultConfigurationName = Release;
		};
		5DE6CB7829C5AADE0089FD76 /* Build configuration list for PBXNativeTarget "RickAndMortyApp" */ = {
			isa = XCConfigurationList;
			buildConfigurations = (
				5DE6CB7929C5AADE0089FD76 /* Debug */,
				5DE6CB7A29C5AADE0089FD76 /* Release */,
			);
			defaultConfigurationIsVisible = 0;
			defaultConfigurationName = Release;
		};
		5DE6CB7B29C5AADE0089FD76 /* Build configuration list for PBXNativeTarget "RickAndMortyAppTests" */ = {
			isa = XCConfigurationList;
			buildConfigurations = (
				5DE6CB7C29C5AADE0089FD76 /* Debug */,
				5DE6CB7D29C5AADE0089FD76 /* Release */,
			);
			defaultConfigurationIsVisible = 0;
			defaultConfigurationName = Release;
		};
		5DE6CB7E29C5AADE0089FD76 /* Build configuration list for PBXNativeTarget "RickAndMortyAppUITests" */ = {
			isa = XCConfigurationList;
			buildConfigurations = (
				5DE6CB7F29C5AADE0089FD76 /* Debug */,
				5DE6CB8029C5AADE0089FD76 /* Release */,
			);
			defaultConfigurationIsVisible = 0;
			defaultConfigurationName = Release;
		};
/* End XCConfigurationList section */

/* Begin XCVersionGroup section */
		5DE6CB5729C5AADC0089FD76 /* RickAndMortyApp.xcdatamodeld */ = {
			isa = XCVersionGroup;
			children = (
				5DE6CB5829C5AADC0089FD76 /* RickAndMortyApp.xcdatamodel */,
			);
			currentVersion = 5DE6CB5829C5AADC0089FD76 /* RickAndMortyApp.xcdatamodel */;
			path = RickAndMortyApp.xcdatamodeld;
			sourceTree = "<group>";
			versionGroupType = wrapper.xcdatamodel;
		};
/* End XCVersionGroup section */
	};
	rootObject = 5DE6CB4329C5AADB0089FD76 /* Project object */;
}
